// !$*UTF8*$!
{
	archiveVersion = 1;
	classes = {
	};
	objectVersion = 46;
	objects = {

/* Begin PBXBuildFile section */
		843850D11CCDD93100071B30 /* AppDelegate.swift in Sources */ = {isa = PBXBuildFile; fileRef = 843850D01CCDD93100071B30 /* AppDelegate.swift */; };
		843850D31CCDD93100071B30 /* ViewController.swift in Sources */ = {isa = PBXBuildFile; fileRef = 843850D21CCDD93100071B30 /* ViewController.swift */; };
		843850D61CCDD93100071B30 /* Main.storyboard in Resources */ = {isa = PBXBuildFile; fileRef = 843850D41CCDD93100071B30 /* Main.storyboard */; };
		843850D81CCDD93100071B30 /* Assets.xcassets in Resources */ = {isa = PBXBuildFile; fileRef = 843850D71CCDD93100071B30 /* Assets.xcassets */; };
		843850DB1CCDD93100071B30 /* LaunchScreen.storyboard in Resources */ = {isa = PBXBuildFile; fileRef = 843850D91CCDD93100071B30 /* LaunchScreen.storyboard */; };
		843850E31CCDE00100071B30 /* fire-icon-big.png in Resources */ = {isa = PBXBuildFile; fileRef = 843850E21CCDE00100071B30 /* fire-icon-big.png */; };
/* End PBXBuildFile section */

/* Begin PBXFileReference section */
		843850CD1CCDD93100071B30 /* Assignment-2.app */ = {isa = PBXFileReference; explicitFileType = wrapper.application; includeInIndex = 0; path = "Assignment-2.app"; sourceTree = BUILT_PRODUCTS_DIR; };
		843850D01CCDD93100071B30 /* AppDelegate.swift */ = {isa = PBXFileReference; lastKnownFileType = sourcecode.swift; path = AppDelegate.swift; sourceTree = "<group>"; };
		843850D21CCDD93100071B30 /* ViewController.swift */ = {isa = PBXFileReference; lastKnownFileType = sourcecode.swift; path = ViewController.swift; sourceTree = "<group>"; };
		843850D51CCDD93100071B30 /* Base */ = {isa = PBXFileReference; lastKnownFileType = file.storyboard; name = Base; path = Base.lproj/Main.storyboard; sourceTree = "<group>"; };
		843850D71CCDD93100071B30 /* Assets.xcassets */ = {isa = PBXFileReference; lastKnownFileType = folder.assetcatalog; path = Assets.xcassets; sourceTree = "<group>"; };
		843850DA1CCDD93100071B30 /* Base */ = {isa = PBXFileReference; lastKnownFileType = file.storyboard; name = Base; path = Base.lproj/LaunchScreen.storyboard; sourceTree = "<group>"; };
		843850DC1CCDD93100071B30 /* Info.plist */ = {isa = PBXFileReference; lastKnownFileType = text.plist.xml; path = Info.plist; sourceTree = "<group>"; };
		843850E21CCDE00100071B30 /* fire-icon-big.png */ = {isa = PBXFileReference; lastKnownFileType = image.png; name = "fire-icon-big.png"; path = "../../fire-icon-big.png"; sourceTree = "<group>"; };
/* End PBXFileReference section */

/* Begin PBXFrameworksBuildPhase section */
		843850CA1CCDD93100071B30 /* Frameworks */ = {
			isa = PBXFrameworksBuildPhase;
			buildActionMask = 2147483647;
			files = (
			);
			runOnlyForDeploymentPostprocessing = 0;
		};
/* End PBXFrameworksBuildPhase section */

/* Begin PBXGroup section */
		843850C41CCDD93100071B30 = {
			isa = PBXGroup;
			children = (
				843850CF1CCDD93100071B30 /* Assignment-2 */,
				843850CE1CCDD93100071B30 /* Products */,
			);
			sourceTree = "<group>";
		};
		843850CE1CCDD93100071B30 /* Products */ = {
			isa = PBXGroup;
			children = (
				843850CD1CCDD93100071B30 /* Assignment-2.app */,
			);
			name = Products;
			sourceTree = "<group>";
		};
		843850CF1CCDD93100071B30 /* Assignment-2 */ = {
			isa = PBXGroup;
			children = (
				843850E21CCDE00100071B30 /* fire-icon-big.png */,
				843850D01CCDD93100071B30 /* AppDelegate.swift */,
				843850D21CCDD93100071B30 /* ViewController.swift */,
				843850D41CCDD93100071B30 /* Main.storyboard */,
				843850D71CCDD93100071B30 /* Assets.xcassets */,
				843850D91CCDD93100071B30 /* LaunchScreen.storyboard */,
				843850DC1CCDD93100071B30 /* Info.plist */,
			);
			path = "Assignment-2";
			sourceTree = "<group>";
		};
/* End PBXGroup section */

/* Begin PBXNativeTarget section */
		843850CC1CCDD93100071B30 /* Assignment-2 */ = {
			isa = PBXNativeTarget;
			buildConfigurationList = 843850DF1CCDD93100071B30 /* Build configuration list for PBXNativeTarget "Assignment-2" */;
			buildPhases = (
				843850C91CCDD93100071B30 /* Sources */,
				843850CA1CCDD93100071B30 /* Frameworks */,
				843850CB1CCDD93100071B30 /* Resources */,
			);
			buildRules = (
			);
			dependencies = (
			);
			name = "Assignment-2";
			productName = "Assignment-2";
			productReference = 843850CD1CCDD93100071B30 /* Assignment-2.app */;
			productType = "com.apple.product-type.application";
		};
/* End PBXNativeTarget section */

/* Begin PBXProject section */
		843850C51CCDD93100071B30 /* Project object */ = {
			isa = PBXProject;
			attributes = {
				LastSwiftUpdateCheck = 0730;
				LastUpgradeCheck = 0730;
				ORGANIZATIONNAME = "Joshua Ma";
				TargetAttributes = {
					843850CC1CCDD93100071B30 = {
						CreatedOnToolsVersion = 7.3;
					};
				};
			};
			buildConfigurationList = 843850C81CCDD93100071B30 /* Build configuration list for PBXProject "Assignment-2" */;
			compatibilityVersion = "Xcode 3.2";
			developmentRegion = English;
			hasScannedForEncodings = 0;
			knownRegions = (
				en,
				Base,
			);
			mainGroup = 843850C41CCDD93100071B30;
			productRefGroup = 843850CE1CCDD93100071B30 /* Products */;
			projectDirPath = "";
			projectRoot = "";
			targets = (
				843850CC1CCDD93100071B30 /* Assignment-2 */,
			);
		};
/* End PBXProject section */

/* Begin PBXResourcesBuildPhase section */
		843850CB1CCDD93100071B30 /* Resources */ = {
			isa = PBXResourcesBuildPhase;
			buildActionMask = 2147483647;
			files = (
				843850DB1CCDD93100071B30 /* LaunchScreen.storyboard in Resources */,
				843850D81CCDD93100071B30 /* Assets.xcassets in Resources */,
				843850D61CCDD93100071B30 /* Main.storyboard in Resources */,
				843850E31CCDE00100071B30 /* fire-icon-big.png in Resources */,
			);
			runOnlyForDeploymentPostprocessing = 0;
		};
/* End PBXResourcesBuildPhase section */

/* Begin PBXSourcesBuildPhase section */
		843850C91CCDD93100071B30 /* Sources */ = {
			isa = PBXSourcesBuildPhase;
			buildActionMask = 2147483647;
			files = (
				843850D31CCDD93100071B30 /* ViewController.swift in Sources */,
				843850D11CCDD93100071B30 /* AppDelegate.swift in Sources */,
			);
			runOnlyForDeploymentPostprocessing = 0;
		};
/* End PBXSourcesBuildPhase section */

/* Begin PBXVariantGroup section */
		843850D41CCDD93100071B30 /* Main.storyboard */ = {
			isa = PBXVariantGroup;
			children = (
				843850D51CCDD93100071B30 /* Base */,
			);
			name = Main.storyboard;
			sourceTree = "<group>";
		};
		843850D91CCDD93100071B30 /* LaunchScreen.storyboard */ = {
			isa = PBXVariantGroup;
			children = (
				843850DA1CCDD93100071B30 /* Base */,
			);
			name = LaunchScreen.storyboard;
			sourceTree = "<group>";
		};
/* End PBXVariantGroup section */

/* Begin XCBuildConfiguration section */
		843850DD1CCDD93100071B30 /* Debug */ = {
			isa = XCBuildConfiguration;
			buildSettings = {
				ALWAYS_SEARCH_USER_PATHS = NO;
				CLANG_ANALYZER_NONNULL = YES;
				CLANG_CXX_LANGUAGE_STANDARD = "gnu++0x";
				CLANG_CXX_LIBRARY = "libc++";
				CLANG_ENABLE_MODULES = YES;
				CLANG_ENABLE_OBJC_ARC = YES;
				CLANG_WARN_BOOL_CONVERSION = YES;
				CLANG_WARN_CONSTANT_CONVERSION = YES;
				CLANG_WARN_DIRECT_OBJC_ISA_USAGE = YES_ERROR;
				CLANG_WARN_EMPTY_BODY = YES;
				CLANG_WARN_ENUM_CONVERSION = YES;
				CLANG_WARN_INT_CONVERSION = YES;
				CLANG_WARN_OBJC_ROOT_CLASS = YES_ERROR;
				CLANG_WARN_UNREACHABLE_CODE = YES;
				CLANG_WARN__DUPLICATE_METHOD_MATCH = YES;
				"CODE_SIGN_IDENTITY[sdk=iphoneos*]" = "iPhone Developer";
				COPY_PHASE_STRIP = NO;
				DEBUG_INFORMATION_FORMAT = dwarf;
				ENABLE_STRICT_OBJC_MSGSEND = YES;
				ENABLE_TESTABILITY = YES;
				GCC_C_LANGUAGE_STANDARD = gnu99;
				GCC_DYNAMIC_NO_PIC = NO;
				GCC_NO_COMMON_BLOCKS = YES;
				GCC_OPTIMIZATION_LEVEL = 0;
				GCC_PREPROCESSOR_DEFINITIONS = (
					"DEBUG=1",
					"$(inherited)",
				);
				GCC_WARN_64_TO_32_BIT_CONVERSION = YES;
				GCC_WARN_ABOUT_RETURN_TYPE = YES_ERROR;
				GCC_WARN_UNDECLARED_SELECTOR = YES;
				GCC_WARN_UNINITIALIZED_AUTOS = YES_AGGRESSIVE;
				GCC_WARN_UNUSED_FUNCTION = YES;
				GCC_WARN_UNUSED_VARIABLE = YES;
				IPHONEOS_DEPLOYMENT_TARGET = 9.3;
				MTL_ENABLE_DEBUG_INFO = YES;
				ONLY_ACTIVE_ARCH = YES;
				SDKROOT = iphoneos;
				SWIFT_OPTIMIZATION_LEVEL = "-Onone";
				TARGETED_DEVICE_FAMILY = "1,2";
			};
			name = Debug;
		};
		843850DE1CCDD93100071B30 /* Release */ = {
			isa = XCBuildConfiguration;
			buildSettings = {
				ALWAYS_SEARCH_USER_PATHS = NO;
				CLANG_ANALYZER_NONNULL = YES;
				CLANG_CXX_LANGUAGE_STANDARD = "gnu++0x";
				CLANG_CXX_LIBRARY = "libc++";
				CLANG_ENABLE_MODULES = YES;
				CLANG_ENABLE_OBJC_ARC = YES;
				CLANG_WARN_BOOL_CONVERSION = YES;
				CLANG_WARN_CONSTANT_CONVERSION = YES;
				CLANG_WARN_DIRECT_OBJC_ISA_USAGE = YES_ERROR;
				CLANG_WARN_EMPTY_BODY = YES;
				CLANG_WARN_ENUM_CONVERSION = YES;
				CLANG_WARN_INT_CONVERSION = YES;
				CLANG_WARN_OBJC_ROOT_CLASS = YES_ERROR;
				CLANG_WARN_UNREACHABLE_CODE = YES;
				CLANG_WARN__DUPLICATE_METHOD_MATCH = YES;
				"CODE_SIGN_IDENTITY[sdk=iphoneos*]" = "iPhone Developer";
				COPY_PHASE_STRIP = NO;
				DEBUG_INFORMATION_FORMAT = "dwarf-with-dsym";
				ENABLE_NS_ASSERTIONS = NO;
				ENABLE_STRICT_OBJC_MSGSEND = YES;
				GCC_C_LANGUAGE_STANDARD = gnu99;
				GCC_NO_COMMON_BLOCKS = YES;
				GCC_WARN_64_TO_32_BIT_CONVERSION = YES;
				GCC_WARN_ABOUT_RETURN_TYPE = YES_ERROR;
				GCC_WARN_UNDECLARED_SELECTOR = YES;
				GCC_WARN_UNINITIALIZED_AUTOS = YES_AGGRESSIVE;
				GCC_WARN_UNUSED_FUNCTION = YES;
				GCC_WARN_UNUSED_VARIABLE = YES;
				IPHONEOS_DEPLOYMENT_TARGET = 9.3;
				MTL_ENABLE_DEBUG_INFO = NO;
				SDKROOT = iphoneos;
				TARGETED_DEVICE_FAMILY = "1,2";
				VALIDATE_PRODUCT = YES;
			};
			name = Release;
		};
		843850E01CCDD93100071B30 /* Debug */ = {
			isa = XCBuildConfiguration;
			buildSettings = {
				ASSETCATALOG_COMPILER_APPICON_NAME = AppIcon;
				INFOPLIST_FILE = "Assignment-2/Info.plist";
				LD_RUNPATH_SEARCH_PATHS = "$(inherited) @executable_path/Frameworks";
				PRODUCT_BUNDLE_IDENTIFIER = "WildFire.Assignment-2";
				PRODUCT_NAME = "$(TARGET_NAME)";
			};
			name = Debug;
		};
		843850E11CCDD93100071B30 /* Release */ = {
			isa = XCBuildConfiguration;
			buildSettings = {
				ASSETCATALOG_COMPILER_APPICON_NAME = AppIcon;
				INFOPLIST_FILE = "Assignment-2/Info.plist";
				LD_RUNPATH_SEARCH_PATHS = "$(inherited) @executable_path/Frameworks";
				PRODUCT_BUNDLE_IDENTIFIER = "WildFire.Assignment-2";
				PRODUCT_NAME = "$(TARGET_NAME)";
			};
			name = Release;
		};
/* End XCBuildConfiguration section */

/* Begin XCConfigurationList section */
		843850C81CCDD93100071B30 /* Build configuration list for PBXProject "Assignment-2" */ = {
			isa = XCConfigurationList;
			buildConfigurations = (
				843850DD1CCDD93100071B30 /* Debug */,
				843850DE1CCDD93100071B30 /* Release */,
			);
			defaultConfigurationIsVisible = 0;
			defaultConfigurationName = Release;
		};
		843850DF1CCDD93100071B30 /* Build configuration list for PBXNativeTarget "Assignment-2" */ = {
			isa = XCConfigurationList;
			buildConfigurations = (
				843850E01CCDD93100071B30 /* Debug */,
				843850E11CCDD93100071B30 /* Release */,
			);
			defaultConfigurationIsVisible = 0;
		};
/* End XCConfigurationList section */
	};
	rootObject = 843850C51CCDD93100071B30 /* Project object */;
}
